// !$*UTF8*$!
{
	archiveVersion = 1;
	classes = {
	};
	objectVersion = 51;
	objects = {

/* Begin PBXBuildFile section */
		08E5A138FFA99E9A1085D3EA /* Pods_Instagram.framework in Frameworks */ = {isa = PBXBuildFile; fileRef = 132724C9902E05267C55BD69 /* Pods_Instagram.framework */; };
		7105D69C26951673008BEC5D /* FeedViewController.m in Sources */ = {isa = PBXBuildFile; fileRef = 7105D69B26951673008BEC5D /* FeedViewController.m */; };
		7105D69F26955A32008BEC5D /* CaptureViewController.m in Sources */ = {isa = PBXBuildFile; fileRef = 7105D69E26955A32008BEC5D /* CaptureViewController.m */; };
		7105D6AB2696307D008BEC5D /* Post.m in Sources */ = {isa = PBXBuildFile; fileRef = 7105D6AA2696307D008BEC5D /* Post.m */; };
		7105D6AE26965BA5008BEC5D /* PostCell.m in Sources */ = {isa = PBXBuildFile; fileRef = 7105D6AD26965BA5008BEC5D /* PostCell.m */; };
		7169948A2694EE5F00050545 /* Keys.plist in Resources */ = {isa = PBXBuildFile; fileRef = 716994892694EE5F00050545 /* Keys.plist */; };
		716994902695067100050545 /* LoginViewController.m in Sources */ = {isa = PBXBuildFile; fileRef = 7169948F2695067100050545 /* LoginViewController.m */; };
		71FCF6A42694E9A200B759C8 /* AppDelegate.m in Sources */ = {isa = PBXBuildFile; fileRef = 71FCF6A32694E9A200B759C8 /* AppDelegate.m */; };
		71FCF6A72694E9A200B759C8 /* SceneDelegate.m in Sources */ = {isa = PBXBuildFile; fileRef = 71FCF6A62694E9A200B759C8 /* SceneDelegate.m */; };
		71FCF6AA2694E9A200B759C8 /* ViewController.m in Sources */ = {isa = PBXBuildFile; fileRef = 71FCF6A92694E9A200B759C8 /* ViewController.m */; };
		71FCF6AD2694E9A200B759C8 /* Main.storyboard in Resources */ = {isa = PBXBuildFile; fileRef = 71FCF6AB2694E9A200B759C8 /* Main.storyboard */; };
		71FCF6AF2694E9A300B759C8 /* Assets.xcassets in Resources */ = {isa = PBXBuildFile; fileRef = 71FCF6AE2694E9A300B759C8 /* Assets.xcassets */; };
		71FCF6B22694E9A300B759C8 /* LaunchScreen.storyboard in Resources */ = {isa = PBXBuildFile; fileRef = 71FCF6B02694E9A300B759C8 /* LaunchScreen.storyboard */; };
		71FCF6B52694E9A300B759C8 /* main.m in Sources */ = {isa = PBXBuildFile; fileRef = 71FCF6B42694E9A300B759C8 /* main.m */; };
		71FCF6BF2694E9A300B759C8 /* InstagramTests.m in Sources */ = {isa = PBXBuildFile; fileRef = 71FCF6BE2694E9A300B759C8 /* InstagramTests.m */; };
		71FCF6CA2694E9A300B759C8 /* InstagramUITests.m in Sources */ = {isa = PBXBuildFile; fileRef = 71FCF6C92694E9A300B759C8 /* InstagramUITests.m */; };
		8A167D39566CF89EB517C42E /* Pods_Instagram_InstagramUITests.framework in Frameworks */ = {isa = PBXBuildFile; fileRef = 054E8490686ED09EEC569D9A /* Pods_Instagram_InstagramUITests.framework */; };
		BB16750D22C254BBFEEE9DD1 /* Pods_InstagramTests.framework in Frameworks */ = {isa = PBXBuildFile; fileRef = B3C77D2FA520A1C1DA6CB001 /* Pods_InstagramTests.framework */; };
/* End PBXBuildFile section */

/* Begin PBXContainerItemProxy section */
		71FCF6BB2694E9A300B759C8 /* PBXContainerItemProxy */ = {
			isa = PBXContainerItemProxy;
			containerPortal = 71FCF6972694E9A200B759C8 /* Project object */;
			proxyType = 1;
			remoteGlobalIDString = 71FCF69E2694E9A200B759C8;
			remoteInfo = Instagram;
		};
		71FCF6C62694E9A300B759C8 /* PBXContainerItemProxy */ = {
			isa = PBXContainerItemProxy;
			containerPortal = 71FCF6972694E9A200B759C8 /* Project object */;
			proxyType = 1;
			remoteGlobalIDString = 71FCF69E2694E9A200B759C8;
			remoteInfo = Instagram;
		};
/* End PBXContainerItemProxy section */

/* Begin PBXFileReference section */
		054E8490686ED09EEC569D9A /* Pods_Instagram_InstagramUITests.framework */ = {isa = PBXFileReference; explicitFileType = wrapper.framework; includeInIndex = 0; path = Pods_Instagram_InstagramUITests.framework; sourceTree = BUILT_PRODUCTS_DIR; };
		132724C9902E05267C55BD69 /* Pods_Instagram.framework */ = {isa = PBXFileReference; explicitFileType = wrapper.framework; includeInIndex = 0; path = Pods_Instagram.framework; sourceTree = BUILT_PRODUCTS_DIR; };
		17B5C2395B7658400C118481 /* Pods-Instagram.debug.xcconfig */ = {isa = PBXFileReference; includeInIndex = 1; lastKnownFileType = text.xcconfig; name = "Pods-Instagram.debug.xcconfig"; path = "Target Support Files/Pods-Instagram/Pods-Instagram.debug.xcconfig"; sourceTree = "<group>"; };
		28E4CC26D979F6EF839E1C6C /* Pods-InstagramTests.release.xcconfig */ = {isa = PBXFileReference; includeInIndex = 1; lastKnownFileType = text.xcconfig; name = "Pods-InstagramTests.release.xcconfig"; path = "Target Support Files/Pods-InstagramTests/Pods-InstagramTests.release.xcconfig"; sourceTree = "<group>"; };
		7105D69A26951673008BEC5D /* FeedViewController.h */ = {isa = PBXFileReference; lastKnownFileType = sourcecode.c.h; path = FeedViewController.h; sourceTree = "<group>"; };
		7105D69B26951673008BEC5D /* FeedViewController.m */ = {isa = PBXFileReference; lastKnownFileType = sourcecode.c.objc; path = FeedViewController.m; sourceTree = "<group>"; };
		7105D69D26955A32008BEC5D /* CaptureViewController.h */ = {isa = PBXFileReference; lastKnownFileType = sourcecode.c.h; path = CaptureViewController.h; sourceTree = "<group>"; };
		7105D69E26955A32008BEC5D /* CaptureViewController.m */ = {isa = PBXFileReference; lastKnownFileType = sourcecode.c.objc; path = CaptureViewController.m; sourceTree = "<group>"; };
		7105D6A92696307D008BEC5D /* Post.h */ = {isa = PBXFileReference; lastKnownFileType = sourcecode.c.h; path = Post.h; sourceTree = "<group>"; };
		7105D6AA2696307D008BEC5D /* Post.m */ = {isa = PBXFileReference; lastKnownFileType = sourcecode.c.objc; path = Post.m; sourceTree = "<group>"; };
		7105D6AC26965BA5008BEC5D /* PostCell.h */ = {isa = PBXFileReference; lastKnownFileType = sourcecode.c.h; path = PostCell.h; sourceTree = "<group>"; };
		7105D6AD26965BA5008BEC5D /* PostCell.m */ = {isa = PBXFileReference; lastKnownFileType = sourcecode.c.objc; path = PostCell.m; sourceTree = "<group>"; };
		716994892694EE5F00050545 /* Keys.plist */ = {isa = PBXFileReference; lastKnownFileType = text.plist.xml; path = Keys.plist; sourceTree = "<group>"; };
		7169948E2695067100050545 /* LoginViewController.h */ = {isa = PBXFileReference; lastKnownFileType = sourcecode.c.h; path = LoginViewController.h; sourceTree = "<group>"; };
		7169948F2695067100050545 /* LoginViewController.m */ = {isa = PBXFileReference; lastKnownFileType = sourcecode.c.objc; path = LoginViewController.m; sourceTree = "<group>"; };
		71FCF69F2694E9A200B759C8 /* Instagram.app */ = {isa = PBXFileReference; explicitFileType = wrapper.application; includeInIndex = 0; path = Instagram.app; sourceTree = BUILT_PRODUCTS_DIR; };
		71FCF6A22694E9A200B759C8 /* AppDelegate.h */ = {isa = PBXFileReference; lastKnownFileType = sourcecode.c.h; path = AppDelegate.h; sourceTree = "<group>"; };
		71FCF6A32694E9A200B759C8 /* AppDelegate.m */ = {isa = PBXFileReference; lastKnownFileType = sourcecode.c.objc; path = AppDelegate.m; sourceTree = "<group>"; };
		71FCF6A52694E9A200B759C8 /* SceneDelegate.h */ = {isa = PBXFileReference; lastKnownFileType = sourcecode.c.h; path = SceneDelegate.h; sourceTree = "<group>"; };
		71FCF6A62694E9A200B759C8 /* SceneDelegate.m */ = {isa = PBXFileReference; lastKnownFileType = sourcecode.c.objc; path = SceneDelegate.m; sourceTree = "<group>"; };
		71FCF6A82694E9A200B759C8 /* ViewController.h */ = {isa = PBXFileReference; lastKnownFileType = sourcecode.c.h; path = ViewController.h; sourceTree = "<group>"; };
		71FCF6A92694E9A200B759C8 /* ViewController.m */ = {isa = PBXFileReference; lastKnownFileType = sourcecode.c.objc; path = ViewController.m; sourceTree = "<group>"; };
		71FCF6AC2694E9A200B759C8 /* Base */ = {isa = PBXFileReference; lastKnownFileType = file.storyboard; name = Base; path = Base.lproj/Main.storyboard; sourceTree = "<group>"; };
		71FCF6AE2694E9A300B759C8 /* Assets.xcassets */ = {isa = PBXFileReference; lastKnownFileType = folder.assetcatalog; path = Assets.xcassets; sourceTree = "<group>"; };
		71FCF6B12694E9A300B759C8 /* Base */ = {isa = PBXFileReference; lastKnownFileType = file.storyboard; name = Base; path = Base.lproj/LaunchScreen.storyboard; sourceTree = "<group>"; };
		71FCF6B32694E9A300B759C8 /* Info.plist */ = {isa = PBXFileReference; lastKnownFileType = text.plist.xml; path = Info.plist; sourceTree = "<group>"; };
		71FCF6B42694E9A300B759C8 /* main.m */ = {isa = PBXFileReference; lastKnownFileType = sourcecode.c.objc; path = main.m; sourceTree = "<group>"; };
		71FCF6BA2694E9A300B759C8 /* InstagramTests.xctest */ = {isa = PBXFileReference; explicitFileType = wrapper.cfbundle; includeInIndex = 0; path = InstagramTests.xctest; sourceTree = BUILT_PRODUCTS_DIR; };
		71FCF6BE2694E9A300B759C8 /* InstagramTests.m */ = {isa = PBXFileReference; lastKnownFileType = sourcecode.c.objc; path = InstagramTests.m; sourceTree = "<group>"; };
		71FCF6C02694E9A300B759C8 /* Info.plist */ = {isa = PBXFileReference; lastKnownFileType = text.plist.xml; path = Info.plist; sourceTree = "<group>"; };
		71FCF6C52694E9A300B759C8 /* InstagramUITests.xctest */ = {isa = PBXFileReference; explicitFileType = wrapper.cfbundle; includeInIndex = 0; path = InstagramUITests.xctest; sourceTree = BUILT_PRODUCTS_DIR; };
		71FCF6C92694E9A300B759C8 /* InstagramUITests.m */ = {isa = PBXFileReference; lastKnownFileType = sourcecode.c.objc; path = InstagramUITests.m; sourceTree = "<group>"; };
		71FCF6CB2694E9A300B759C8 /* Info.plist */ = {isa = PBXFileReference; lastKnownFileType = text.plist.xml; path = Info.plist; sourceTree = "<group>"; };
		8EF7794B23FEC8F51ADACAAB /* Pods-Instagram-InstagramUITests.debug.xcconfig */ = {isa = PBXFileReference; includeInIndex = 1; lastKnownFileType = text.xcconfig; name = "Pods-Instagram-InstagramUITests.debug.xcconfig"; path = "Target Support Files/Pods-Instagram-InstagramUITests/Pods-Instagram-InstagramUITests.debug.xcconfig"; sourceTree = "<group>"; };
		B3C77D2FA520A1C1DA6CB001 /* Pods_InstagramTests.framework */ = {isa = PBXFileReference; explicitFileType = wrapper.framework; includeInIndex = 0; path = Pods_InstagramTests.framework; sourceTree = BUILT_PRODUCTS_DIR; };
		BCA60A6DEB3F76CCA95C0CE8 /* Pods-Instagram.release.xcconfig */ = {isa = PBXFileReference; includeInIndex = 1; lastKnownFileType = text.xcconfig; name = "Pods-Instagram.release.xcconfig"; path = "Target Support Files/Pods-Instagram/Pods-Instagram.release.xcconfig"; sourceTree = "<group>"; };
		E09F7C99AB53AFBDE64EF82D /* Pods-InstagramTests.debug.xcconfig */ = {isa = PBXFileReference; includeInIndex = 1; lastKnownFileType = text.xcconfig; name = "Pods-InstagramTests.debug.xcconfig"; path = "Target Support Files/Pods-InstagramTests/Pods-InstagramTests.debug.xcconfig"; sourceTree = "<group>"; };
		FC58A0478631EC4DF9E3A62A /* Pods-Instagram-InstagramUITests.release.xcconfig */ = {isa = PBXFileReference; includeInIndex = 1; lastKnownFileType = text.xcconfig; name = "Pods-Instagram-InstagramUITests.release.xcconfig"; path = "Target Support Files/Pods-Instagram-InstagramUITests/Pods-Instagram-InstagramUITests.release.xcconfig"; sourceTree = "<group>"; };
/* End PBXFileReference section */

/* Begin PBXFrameworksBuildPhase section */
		71FCF69C2694E9A200B759C8 /* Frameworks */ = {
			isa = PBXFrameworksBuildPhase;
			buildActionMask = 2147483647;
			files = (
				08E5A138FFA99E9A1085D3EA /* Pods_Instagram.framework in Frameworks */,
			);
			runOnlyForDeploymentPostprocessing = 0;
		};
		71FCF6B72694E9A300B759C8 /* Frameworks */ = {
			isa = PBXFrameworksBuildPhase;
			buildActionMask = 2147483647;
			files = (
				BB16750D22C254BBFEEE9DD1 /* Pods_InstagramTests.framework in Frameworks */,
			);
			runOnlyForDeploymentPostprocessing = 0;
		};
		71FCF6C22694E9A300B759C8 /* Frameworks */ = {
			isa = PBXFrameworksBuildPhase;
			buildActionMask = 2147483647;
			files = (
				8A167D39566CF89EB517C42E /* Pods_Instagram_InstagramUITests.framework in Frameworks */,
			);
			runOnlyForDeploymentPostprocessing = 0;
		};
/* End PBXFrameworksBuildPhase section */

/* Begin PBXGroup section */
		7169948B269505FE00050545 /* View Controller */ = {
			isa = PBXGroup;
			children = (
				7169948E2695067100050545 /* LoginViewController.h */,
				7169948F2695067100050545 /* LoginViewController.m */,
				7105D69A26951673008BEC5D /* FeedViewController.h */,
				7105D69B26951673008BEC5D /* FeedViewController.m */,
				7105D69D26955A32008BEC5D /* CaptureViewController.h */,
				7105D69E26955A32008BEC5D /* CaptureViewController.m */,
			);
			path = "View Controller";
			sourceTree = "<group>";
		};
		7169948C2695060800050545 /* Views */ = {
			isa = PBXGroup;
			children = (
				7105D6AC26965BA5008BEC5D /* PostCell.h */,
				7105D6AD26965BA5008BEC5D /* PostCell.m */,
			);
			path = Views;
			sourceTree = "<group>";
		};
		7169948D2695060E00050545 /* Model */ = {
			isa = PBXGroup;
			children = (
				7105D6A92696307D008BEC5D /* Post.h */,
				7105D6AA2696307D008BEC5D /* Post.m */,
			);
			path = Model;
			sourceTree = "<group>";
		};
		71FCF6962694E9A200B759C8 = {
			isa = PBXGroup;
			children = (
				71FCF6A12694E9A200B759C8 /* Instagram */,
				71FCF6BD2694E9A300B759C8 /* InstagramTests */,
				71FCF6C82694E9A300B759C8 /* InstagramUITests */,
				71FCF6A02694E9A200B759C8 /* Products */,
				BD146D5B72F5B5E130228600 /* Pods */,
				CB14FEA38DB5B45BF70A7AF3 /* Frameworks */,
			);
			sourceTree = "<group>";
		};
		71FCF6A02694E9A200B759C8 /* Products */ = {
			isa = PBXGroup;
			children = (
				71FCF69F2694E9A200B759C8 /* Instagram.app */,
				71FCF6BA2694E9A300B759C8 /* InstagramTests.xctest */,
				71FCF6C52694E9A300B759C8 /* InstagramUITests.xctest */,
			);
			name = Products;
			sourceTree = "<group>";
		};
		71FCF6A12694E9A200B759C8 /* Instagram */ = {
			isa = PBXGroup;
			children = (
				7169948D2695060E00050545 /* Model */,
				7169948C2695060800050545 /* Views */,
				7169948B269505FE00050545 /* View Controller */,
				71FCF6A22694E9A200B759C8 /* AppDelegate.h */,
				71FCF6A32694E9A200B759C8 /* AppDelegate.m */,
				71FCF6A52694E9A200B759C8 /* SceneDelegate.h */,
				71FCF6A62694E9A200B759C8 /* SceneDelegate.m */,
				71FCF6A82694E9A200B759C8 /* ViewController.h */,
				71FCF6A92694E9A200B759C8 /* ViewController.m */,
				71FCF6AB2694E9A200B759C8 /* Main.storyboard */,
				71FCF6AE2694E9A300B759C8 /* Assets.xcassets */,
				71FCF6B02694E9A300B759C8 /* LaunchScreen.storyboard */,
				71FCF6B32694E9A300B759C8 /* Info.plist */,
				71FCF6B42694E9A300B759C8 /* main.m */,
				716994892694EE5F00050545 /* Keys.plist */,
			);
			path = Instagram;
			sourceTree = "<group>";
		};
		71FCF6BD2694E9A300B759C8 /* InstagramTests */ = {
			isa = PBXGroup;
			children = (
				71FCF6BE2694E9A300B759C8 /* InstagramTests.m */,
				71FCF6C02694E9A300B759C8 /* Info.plist */,
			);
			path = InstagramTests;
			sourceTree = "<group>";
		};
		71FCF6C82694E9A300B759C8 /* InstagramUITests */ = {
			isa = PBXGroup;
			children = (
				71FCF6C92694E9A300B759C8 /* InstagramUITests.m */,
				71FCF6CB2694E9A300B759C8 /* Info.plist */,
			);
			path = InstagramUITests;
			sourceTree = "<group>";
		};
		BD146D5B72F5B5E130228600 /* Pods */ = {
			isa = PBXGroup;
			children = (
				17B5C2395B7658400C118481 /* Pods-Instagram.debug.xcconfig */,
				BCA60A6DEB3F76CCA95C0CE8 /* Pods-Instagram.release.xcconfig */,
				8EF7794B23FEC8F51ADACAAB /* Pods-Instagram-InstagramUITests.debug.xcconfig */,
				FC58A0478631EC4DF9E3A62A /* Pods-Instagram-InstagramUITests.release.xcconfig */,
				E09F7C99AB53AFBDE64EF82D /* Pods-InstagramTests.debug.xcconfig */,
				28E4CC26D979F6EF839E1C6C /* Pods-InstagramTests.release.xcconfig */,
			);
			path = Pods;
			sourceTree = "<group>";
		};
		CB14FEA38DB5B45BF70A7AF3 /* Frameworks */ = {
			isa = PBXGroup;
			children = (
				132724C9902E05267C55BD69 /* Pods_Instagram.framework */,
				054E8490686ED09EEC569D9A /* Pods_Instagram_InstagramUITests.framework */,
				B3C77D2FA520A1C1DA6CB001 /* Pods_InstagramTests.framework */,
			);
			name = Frameworks;
			sourceTree = "<group>";
		};
/* End PBXGroup section */

/* Begin PBXNativeTarget section */
		71FCF69E2694E9A200B759C8 /* Instagram */ = {
			isa = PBXNativeTarget;
			buildConfigurationList = 71FCF6CE2694E9A300B759C8 /* Build configuration list for PBXNativeTarget "Instagram" */;
			buildPhases = (
				36BCC085492F8410E3F021A4 /* [CP] Check Pods Manifest.lock */,
				71FCF69B2694E9A200B759C8 /* Sources */,
				71FCF69C2694E9A200B759C8 /* Frameworks */,
				71FCF69D2694E9A200B759C8 /* Resources */,
				7F142F64318EB38F832416FE /* [CP] Embed Pods Frameworks */,
			);
			buildRules = (
			);
			dependencies = (
			);
			name = Instagram;
			productName = Instagram;
			productReference = 71FCF69F2694E9A200B759C8 /* Instagram.app */;
			productType = "com.apple.product-type.application";
		};
		71FCF6B92694E9A300B759C8 /* InstagramTests */ = {
			isa = PBXNativeTarget;
			buildConfigurationList = 71FCF6D12694E9A300B759C8 /* Build configuration list for PBXNativeTarget "InstagramTests" */;
			buildPhases = (
				8937A483FBD66F1BB97D61CD /* [CP] Check Pods Manifest.lock */,
				71FCF6B62694E9A300B759C8 /* Sources */,
				71FCF6B72694E9A300B759C8 /* Frameworks */,
				71FCF6B82694E9A300B759C8 /* Resources */,
			);
			buildRules = (
			);
			dependencies = (
				71FCF6BC2694E9A300B759C8 /* PBXTargetDependency */,
			);
			name = InstagramTests;
			productName = InstagramTests;
			productReference = 71FCF6BA2694E9A300B759C8 /* InstagramTests.xctest */;
			productType = "com.apple.product-type.bundle.unit-test";
		};
		71FCF6C42694E9A300B759C8 /* InstagramUITests */ = {
			isa = PBXNativeTarget;
			buildConfigurationList = 71FCF6D42694E9A300B759C8 /* Build configuration list for PBXNativeTarget "InstagramUITests" */;
			buildPhases = (
				0F8039416BFF459F80C0C8B6 /* [CP] Check Pods Manifest.lock */,
				71FCF6C12694E9A300B759C8 /* Sources */,
				71FCF6C22694E9A300B759C8 /* Frameworks */,
				71FCF6C32694E9A300B759C8 /* Resources */,
				5C0040C7EFFDE4713DCD1398 /* [CP] Embed Pods Frameworks */,
			);
			buildRules = (
			);
			dependencies = (
				71FCF6C72694E9A300B759C8 /* PBXTargetDependency */,
			);
			name = InstagramUITests;
			productName = InstagramUITests;
			productReference = 71FCF6C52694E9A300B759C8 /* InstagramUITests.xctest */;
			productType = "com.apple.product-type.bundle.ui-testing";
		};
/* End PBXNativeTarget section */

/* Begin PBXProject section */
		71FCF6972694E9A200B759C8 /* Project object */ = {
			isa = PBXProject;
			attributes = {
				LastUpgradeCheck = 1250;
				TargetAttributes = {
					71FCF69E2694E9A200B759C8 = {
						CreatedOnToolsVersion = 12.5.1;
					};
					71FCF6B92694E9A300B759C8 = {
						CreatedOnToolsVersion = 12.5.1;
						TestTargetID = 71FCF69E2694E9A200B759C8;
					};
					71FCF6C42694E9A300B759C8 = {
						CreatedOnToolsVersion = 12.5.1;
						TestTargetID = 71FCF69E2694E9A200B759C8;
					};
				};
			};
			buildConfigurationList = 71FCF69A2694E9A200B759C8 /* Build configuration list for PBXProject "Instagram" */;
			compatibilityVersion = "Xcode 9.3";
			developmentRegion = en;
			hasScannedForEncodings = 0;
			knownRegions = (
				en,
				Base,
			);
			mainGroup = 71FCF6962694E9A200B759C8;
			productRefGroup = 71FCF6A02694E9A200B759C8 /* Products */;
			projectDirPath = "";
			projectRoot = "";
			targets = (
				71FCF69E2694E9A200B759C8 /* Instagram */,
				71FCF6B92694E9A300B759C8 /* InstagramTests */,
				71FCF6C42694E9A300B759C8 /* InstagramUITests */,
			);
		};
/* End PBXProject section */

/* Begin PBXResourcesBuildPhase section */
		71FCF69D2694E9A200B759C8 /* Resources */ = {
			isa = PBXResourcesBuildPhase;
			buildActionMask = 2147483647;
			files = (
				7169948A2694EE5F00050545 /* Keys.plist in Resources */,
				71FCF6B22694E9A300B759C8 /* LaunchScreen.storyboard in Resources */,
				71FCF6AF2694E9A300B759C8 /* Assets.xcassets in Resources */,
				71FCF6AD2694E9A200B759C8 /* Main.storyboard in Resources */,
			);
			runOnlyForDeploymentPostprocessing = 0;
		};
		71FCF6B82694E9A300B759C8 /* Resources */ = {
			isa = PBXResourcesBuildPhase;
			buildActionMask = 2147483647;
			files = (
			);
			runOnlyForDeploymentPostprocessing = 0;
		};
		71FCF6C32694E9A300B759C8 /* Resources */ = {
			isa = PBXResourcesBuildPhase;
			buildActionMask = 2147483647;
			files = (
			);
			runOnlyForDeploymentPostprocessing = 0;
		};
/* End PBXResourcesBuildPhase section */

/* Begin PBXShellScriptBuildPhase section */
		0F8039416BFF459F80C0C8B6 /* [CP] Check Pods Manifest.lock */ = {
			isa = PBXShellScriptBuildPhase;
			buildActionMask = 2147483647;
			files = (
			);
			inputFileListPaths = (
			);
			inputPaths = (
				"${PODS_PODFILE_DIR_PATH}/Podfile.lock",
				"${PODS_ROOT}/Manifest.lock",
			);
			name = "[CP] Check Pods Manifest.lock";
			outputFileListPaths = (
			);
			outputPaths = (
				"$(DERIVED_FILE_DIR)/Pods-Instagram-InstagramUITests-checkManifestLockResult.txt",
			);
			runOnlyForDeploymentPostprocessing = 0;
			shellPath = /bin/sh;
			shellScript = "diff \"${PODS_PODFILE_DIR_PATH}/Podfile.lock\" \"${PODS_ROOT}/Manifest.lock\" > /dev/null\nif [ $? != 0 ] ; then\n    # print error to STDERR\n    echo \"error: The sandbox is not in sync with the Podfile.lock. Run 'pod install' or update your CocoaPods installation.\" >&2\n    exit 1\nfi\n# This output is used by Xcode 'outputs' to avoid re-running this script phase.\necho \"SUCCESS\" > \"${SCRIPT_OUTPUT_FILE_0}\"\n";
			showEnvVarsInLog = 0;
		};
		36BCC085492F8410E3F021A4 /* [CP] Check Pods Manifest.lock */ = {
			isa = PBXShellScriptBuildPhase;
			buildActionMask = 2147483647;
			files = (
			);
			inputFileListPaths = (
			);
			inputPaths = (
				"${PODS_PODFILE_DIR_PATH}/Podfile.lock",
				"${PODS_ROOT}/Manifest.lock",
			);
			name = "[CP] Check Pods Manifest.lock";
			outputFileListPaths = (
			);
			outputPaths = (
				"$(DERIVED_FILE_DIR)/Pods-Instagram-checkManifestLockResult.txt",
			);
			runOnlyForDeploymentPostprocessing = 0;
			shellPath = /bin/sh;
			shellScript = "diff \"${PODS_PODFILE_DIR_PATH}/Podfile.lock\" \"${PODS_ROOT}/Manifest.lock\" > /dev/null\nif [ $? != 0 ] ; then\n    # print error to STDERR\n    echo \"error: The sandbox is not in sync with the Podfile.lock. Run 'pod install' or update your CocoaPods installation.\" >&2\n    exit 1\nfi\n# This output is used by Xcode 'outputs' to avoid re-running this script phase.\necho \"SUCCESS\" > \"${SCRIPT_OUTPUT_FILE_0}\"\n";
			showEnvVarsInLog = 0;
		};
		5C0040C7EFFDE4713DCD1398 /* [CP] Embed Pods Frameworks */ = {
			isa = PBXShellScriptBuildPhase;
			buildActionMask = 2147483647;
			files = (
			);
			inputFileListPaths = (
				"${PODS_ROOT}/Target Support Files/Pods-Instagram-InstagramUITests/Pods-Instagram-InstagramUITests-frameworks-${CONFIGURATION}-input-files.xcfilelist",
			);
			name = "[CP] Embed Pods Frameworks";
			outputFileListPaths = (
				"${PODS_ROOT}/Target Support Files/Pods-Instagram-InstagramUITests/Pods-Instagram-InstagramUITests-frameworks-${CONFIGURATION}-output-files.xcfilelist",
			);
			runOnlyForDeploymentPostprocessing = 0;
			shellPath = /bin/sh;
			shellScript = "\"${PODS_ROOT}/Target Support Files/Pods-Instagram-InstagramUITests/Pods-Instagram-InstagramUITests-frameworks.sh\"\n";
			showEnvVarsInLog = 0;
		};
		7F142F64318EB38F832416FE /* [CP] Embed Pods Frameworks */ = {
			isa = PBXShellScriptBuildPhase;
			buildActionMask = 2147483647;
			files = (
			);
			inputFileListPaths = (
				"${PODS_ROOT}/Target Support Files/Pods-Instagram/Pods-Instagram-frameworks-${CONFIGURATION}-input-files.xcfilelist",
			);
			name = "[CP] Embed Pods Frameworks";
			outputFileListPaths = (
				"${PODS_ROOT}/Target Support Files/Pods-Instagram/Pods-Instagram-frameworks-${CONFIGURATION}-output-files.xcfilelist",
			);
			runOnlyForDeploymentPostprocessing = 0;
			shellPath = /bin/sh;
			shellScript = "\"${PODS_ROOT}/Target Support Files/Pods-Instagram/Pods-Instagram-frameworks.sh\"\n";
			showEnvVarsInLog = 0;
		};
		8937A483FBD66F1BB97D61CD /* [CP] Check Pods Manifest.lock */ = {
			isa = PBXShellScriptBuildPhase;
			buildActionMask = 2147483647;
			files = (
			);
			inputFileListPaths = (
			);
			inputPaths = (
				"${PODS_PODFILE_DIR_PATH}/Podfile.lock",
				"${PODS_ROOT}/Manifest.lock",
			);
			name = "[CP] Check Pods Manifest.lock";
			outputFileListPaths = (
			);
			outputPaths = (
				"$(DERIVED_FILE_DIR)/Pods-InstagramTests-checkManifestLockResult.txt",
			);
			runOnlyForDeploymentPostprocessing = 0;
			shellPath = /bin/sh;
			shellScript = "diff \"${PODS_PODFILE_DIR_PATH}/Podfile.lock\" \"${PODS_ROOT}/Manifest.lock\" > /dev/null\nif [ $? != 0 ] ; then\n    # print error to STDERR\n    echo \"error: The sandbox is not in sync with the Podfile.lock. Run 'pod install' or update your CocoaPods installation.\" >&2\n    exit 1\nfi\n# This output is used by Xcode 'outputs' to avoid re-running this script phase.\necho \"SUCCESS\" > \"${SCRIPT_OUTPUT_FILE_0}\"\n";
			showEnvVarsInLog = 0;
		};
/* End PBXShellScriptBuildPhase section */

/* Begin PBXSourcesBuildPhase section */
		71FCF69B2694E9A200B759C8 /* Sources */ = {
			isa = PBXSourcesBuildPhase;
			buildActionMask = 2147483647;
			files = (
				71FCF6AA2694E9A200B759C8 /* ViewController.m in Sources */,
				71FCF6A42694E9A200B759C8 /* AppDelegate.m in Sources */,
				71FCF6B52694E9A300B759C8 /* main.m in Sources */,
				71FCF6A72694E9A200B759C8 /* SceneDelegate.m in Sources */,
				7105D69C26951673008BEC5D /* FeedViewController.m in Sources */,
				7105D6AE26965BA5008BEC5D /* PostCell.m in Sources */,
				716994902695067100050545 /* LoginViewController.m in Sources */,
				7105D69F26955A32008BEC5D /* CaptureViewController.m in Sources */,
				7105D6AB2696307D008BEC5D /* Post.m in Sources */,
			);
			runOnlyForDeploymentPostprocessing = 0;
		};
		71FCF6B62694E9A300B759C8 /* Sources */ = {
			isa = PBXSourcesBuildPhase;
			buildActionMask = 2147483647;
			files = (
				71FCF6BF2694E9A300B759C8 /* InstagramTests.m in Sources */,
			);
			runOnlyForDeploymentPostprocessing = 0;
		};
		71FCF6C12694E9A300B759C8 /* Sources */ = {
			isa = PBXSourcesBuildPhase;
			buildActionMask = 2147483647;
			files = (
				71FCF6CA2694E9A300B759C8 /* InstagramUITests.m in Sources */,
			);
			runOnlyForDeploymentPostprocessing = 0;
		};
/* End PBXSourcesBuildPhase section */

/* Begin PBXTargetDependency section */
		71FCF6BC2694E9A300B759C8 /* PBXTargetDependency */ = {
			isa = PBXTargetDependency;
			target = 71FCF69E2694E9A200B759C8 /* Instagram */;
			targetProxy = 71FCF6BB2694E9A300B759C8 /* PBXContainerItemProxy */;
		};
		71FCF6C72694E9A300B759C8 /* PBXTargetDependency */ = {
			isa = PBXTargetDependency;
			target = 71FCF69E2694E9A200B759C8 /* Instagram */;
			targetProxy = 71FCF6C62694E9A300B759C8 /* PBXContainerItemProxy */;
		};
/* End PBXTargetDependency section */

/* Begin PBXVariantGroup section */
		71FCF6AB2694E9A200B759C8 /* Main.storyboard */ = {
			isa = PBXVariantGroup;
			children = (
				71FCF6AC2694E9A200B759C8 /* Base */,
			);
			name = Main.storyboard;
			sourceTree = "<group>";
		};
		71FCF6B02694E9A300B759C8 /* LaunchScreen.storyboard */ = {
			isa = PBXVariantGroup;
			children = (
				71FCF6B12694E9A300B759C8 /* Base */,
			);
			name = LaunchScreen.storyboard;
			sourceTree = "<group>";
		};
/* End PBXVariantGroup section */

/* Begin XCBuildConfiguration section */
		71FCF6CC2694E9A300B759C8 /* Debug */ = {
			isa = XCBuildConfiguration;
			buildSettings = {
				ALWAYS_SEARCH_USER_PATHS = NO;
				CLANG_ANALYZER_NONNULL = YES;
				CLANG_ANALYZER_NUMBER_OBJECT_CONVERSION = YES_AGGRESSIVE;
				CLANG_CXX_LANGUAGE_STANDARD = "gnu++14";
				CLANG_CXX_LIBRARY = "libc++";
				CLANG_ENABLE_MODULES = YES;
				CLANG_ENABLE_OBJC_ARC = YES;
				CLANG_ENABLE_OBJC_WEAK = YES;
				CLANG_WARN_BLOCK_CAPTURE_AUTORELEASING = YES;
				CLANG_WARN_BOOL_CONVERSION = YES;
				CLANG_WARN_COMMA = YES;
				CLANG_WARN_CONSTANT_CONVERSION = YES;
				CLANG_WARN_DEPRECATED_OBJC_IMPLEMENTATIONS = YES;
				CLANG_WARN_DIRECT_OBJC_ISA_USAGE = YES_ERROR;
				CLANG_WARN_DOCUMENTATION_COMMENTS = YES;
				CLANG_WARN_EMPTY_BODY = YES;
				CLANG_WARN_ENUM_CONVERSION = YES;
				CLANG_WARN_INFINITE_RECURSION = YES;
				CLANG_WARN_INT_CONVERSION = YES;
				CLANG_WARN_NON_LITERAL_NULL_CONVERSION = YES;
				CLANG_WARN_OBJC_IMPLICIT_RETAIN_SELF = YES;
				CLANG_WARN_OBJC_LITERAL_CONVERSION = YES;
				CLANG_WARN_OBJC_ROOT_CLASS = YES_ERROR;
				CLANG_WARN_QUOTED_INCLUDE_IN_FRAMEWORK_HEADER = YES;
				CLANG_WARN_RANGE_LOOP_ANALYSIS = YES;
				CLANG_WARN_STRICT_PROTOTYPES = YES;
				CLANG_WARN_SUSPICIOUS_MOVE = YES;
				CLANG_WARN_UNGUARDED_AVAILABILITY = YES_AGGRESSIVE;
				CLANG_WARN_UNREACHABLE_CODE = YES;
				CLANG_WARN__DUPLICATE_METHOD_MATCH = YES;
				COPY_PHASE_STRIP = NO;
				DEBUG_INFORMATION_FORMAT = dwarf;
				ENABLE_STRICT_OBJC_MSGSEND = YES;
				ENABLE_TESTABILITY = YES;
				GCC_C_LANGUAGE_STANDARD = gnu11;
				GCC_DYNAMIC_NO_PIC = NO;
				GCC_NO_COMMON_BLOCKS = YES;
				GCC_OPTIMIZATION_LEVEL = 0;
				GCC_PREPROCESSOR_DEFINITIONS = (
					"DEBUG=1",
					"$(inherited)",
				);
				GCC_WARN_64_TO_32_BIT_CONVERSION = YES;
				GCC_WARN_ABOUT_RETURN_TYPE = YES_ERROR;
				GCC_WARN_UNDECLARED_SELECTOR = YES;
				GCC_WARN_UNINITIALIZED_AUTOS = YES_AGGRESSIVE;
				GCC_WARN_UNUSED_FUNCTION = YES;
				GCC_WARN_UNUSED_VARIABLE = YES;
				IPHONEOS_DEPLOYMENT_TARGET = 14.5;
				MTL_ENABLE_DEBUG_INFO = INCLUDE_SOURCE;
				MTL_FAST_MATH = YES;
				ONLY_ACTIVE_ARCH = YES;
				SDKROOT = iphoneos;
			};
			name = Debug;
		};
		71FCF6CD2694E9A300B759C8 /* Release */ = {
			isa = XCBuildConfiguration;
			buildSettings = {
				ALWAYS_SEARCH_USER_PATHS = NO;
				CLANG_ANALYZER_NONNULL = YES;
				CLANG_ANALYZER_NUMBER_OBJECT_CONVERSION = YES_AGGRESSIVE;
				CLANG_CXX_LANGUAGE_STANDARD = "gnu++14";
				CLANG_CXX_LIBRARY = "libc++";
				CLANG_ENABLE_MODULES = YES;
				CLANG_ENABLE_OBJC_ARC = YES;
				CLANG_ENABLE_OBJC_WEAK = YES;
				CLANG_WARN_BLOCK_CAPTURE_AUTORELEASING = YES;
				CLANG_WARN_BOOL_CONVERSION = YES;
				CLANG_WARN_COMMA = YES;
				CLANG_WARN_CONSTANT_CONVERSION = YES;
				CLANG_WARN_DEPRECATED_OBJC_IMPLEMENTATIONS = YES;
				CLANG_WARN_DIRECT_OBJC_ISA_USAGE = YES_ERROR;
				CLANG_WARN_DOCUMENTATION_COMMENTS = YES;
				CLANG_WARN_EMPTY_BODY = YES;
				CLANG_WARN_ENUM_CONVERSION = YES;
				CLANG_WARN_INFINITE_RECURSION = YES;
				CLANG_WARN_INT_CONVERSION = YES;
				CLANG_WARN_NON_LITERAL_NULL_CONVERSION = YES;
				CLANG_WARN_OBJC_IMPLICIT_RETAIN_SELF = YES;
				CLANG_WARN_OBJC_LITERAL_CONVERSION = YES;
				CLANG_WARN_OBJC_ROOT_CLASS = YES_ERROR;
				CLANG_WARN_QUOTED_INCLUDE_IN_FRAMEWORK_HEADER = YES;
				CLANG_WARN_RANGE_LOOP_ANALYSIS = YES;
				CLANG_WARN_STRICT_PROTOTYPES = YES;
				CLANG_WARN_SUSPICIOUS_MOVE = YES;
				CLANG_WARN_UNGUARDED_AVAILABILITY = YES_AGGRESSIVE;
				CLANG_WARN_UNREACHABLE_CODE = YES;
				CLANG_WARN__DUPLICATE_METHOD_MATCH = YES;
				COPY_PHASE_STRIP = NO;
				DEBUG_INFORMATION_FORMAT = "dwarf-with-dsym";
				ENABLE_NS_ASSERTIONS = NO;
				ENABLE_STRICT_OBJC_MSGSEND = YES;
				GCC_C_LANGUAGE_STANDARD = gnu11;
				GCC_NO_COMMON_BLOCKS = YES;
				GCC_WARN_64_TO_32_BIT_CONVERSION = YES;
				GCC_WARN_ABOUT_RETURN_TYPE = YES_ERROR;
				GCC_WARN_UNDECLARED_SELECTOR = YES;
				GCC_WARN_UNINITIALIZED_AUTOS = YES_AGGRESSIVE;
				GCC_WARN_UNUSED_FUNCTION = YES;
				GCC_WARN_UNUSED_VARIABLE = YES;
				IPHONEOS_DEPLOYMENT_TARGET = 14.5;
				MTL_ENABLE_DEBUG_INFO = NO;
				MTL_FAST_MATH = YES;
				SDKROOT = iphoneos;
				VALIDATE_PRODUCT = YES;
			};
			name = Release;
		};
		71FCF6CF2694E9A300B759C8 /* Debug */ = {
			isa = XCBuildConfiguration;
			baseConfigurationReference = 17B5C2395B7658400C118481 /* Pods-Instagram.debug.xcconfig */;
			buildSettings = {
				ASSETCATALOG_COMPILER_APPICON_NAME = AppIcon;
				ASSETCATALOG_COMPILER_GLOBAL_ACCENT_COLOR_NAME = AccentColor;
				CODE_SIGN_STYLE = Automatic;
				DEVELOPMENT_TEAM = 9982BNUYMZ;
				INFOPLIST_FILE = Instagram/Info.plist;
				LD_RUNPATH_SEARCH_PATHS = (
					"$(inherited)",
					"@executable_path/Frameworks",
				);
				PRODUCT_BUNDLE_IDENTIFIER = "com.jose-serrano.Instagram";
				PRODUCT_NAME = "$(TARGET_NAME)";
				TARGETED_DEVICE_FAMILY = "1,2";
			};
			name = Debug;
		};
		71FCF6D02694E9A300B759C8 /* Release */ = {
			isa = XCBuildConfiguration;
			baseConfigurationReference = BCA60A6DEB3F76CCA95C0CE8 /* Pods-Instagram.release.xcconfig */;
			buildSettings = {
				ASSETCATALOG_COMPILER_APPICON_NAME = AppIcon;
				ASSETCATALOG_COMPILER_GLOBAL_ACCENT_COLOR_NAME = AccentColor;
				CODE_SIGN_STYLE = Automatic;
				DEVELOPMENT_TEAM = 9982BNUYMZ;
				INFOPLIST_FILE = Instagram/Info.plist;
				LD_RUNPATH_SEARCH_PATHS = (
					"$(inherited)",
					"@executable_path/Frameworks",
				);
				PRODUCT_BUNDLE_IDENTIFIER = "com.jose-serrano.Instagram";
				PRODUCT_NAME = "$(TARGET_NAME)";
				TARGETED_DEVICE_FAMILY = "1,2";
			};
			name = Release;
		};
		71FCF6D22694E9A300B759C8 /* Debug */ = {
			isa = XCBuildConfiguration;
			baseConfigurationReference = E09F7C99AB53AFBDE64EF82D /* Pods-InstagramTests.debug.xcconfig */;
			buildSettings = {
				BUNDLE_LOADER = "$(TEST_HOST)";
				CODE_SIGN_STYLE = Automatic;
				DEVELOPMENT_TEAM = 9982BNUYMZ;
				INFOPLIST_FILE = InstagramTests/Info.plist;
				IPHONEOS_DEPLOYMENT_TARGET = 14.5;
				LD_RUNPATH_SEARCH_PATHS = (
					"$(inherited)",
					"@executable_path/Frameworks",
					"@loader_path/Frameworks",
				);
				PRODUCT_BUNDLE_IDENTIFIER = "com.jose-serrano.InstagramTests";
				PRODUCT_NAME = "$(TARGET_NAME)";
				TARGETED_DEVICE_FAMILY = "1,2";
				TEST_HOST = "$(BUILT_PRODUCTS_DIR)/Instagram.app/Instagram";
			};
			name = Debug;
		};
		71FCF6D32694E9A300B759C8 /* Release */ = {
			isa = XCBuildConfiguration;
			baseConfigurationReference = 28E4CC26D979F6EF839E1C6C /* Pods-InstagramTests.release.xcconfig */;
			buildSettings = {
				BUNDLE_LOADER = "$(TEST_HOST)";
				CODE_SIGN_STYLE = Automatic;
				DEVELOPMENT_TEAM = 9982BNUYMZ;
				INFOPLIST_FILE = InstagramTests/Info.plist;
				IPHONEOS_DEPLOYMENT_TARGET = 14.5;
				LD_RUNPATH_SEARCH_PATHS = (
					"$(inherited)",
					"@executable_path/Frameworks",
					"@loader_path/Frameworks",
				);
				PRODUCT_BUNDLE_IDENTIFIER = "com.jose-serrano.InstagramTests";
				PRODUCT_NAME = "$(TARGET_NAME)";
				TARGETED_DEVICE_FAMILY = "1,2";
				TEST_HOST = "$(BUILT_PRODUCTS_DIR)/Instagram.app/Instagram";
			};
			name = Release;
		};
		71FCF6D52694E9A300B759C8 /* Debug */ = {
			isa = XCBuildConfiguration;
			baseConfigurationReference = 8EF7794B23FEC8F51ADACAAB /* Pods-Instagram-InstagramUITests.debug.xcconfig */;
			buildSettings = {
				CODE_SIGN_STYLE = Automatic;
				DEVELOPMENT_TEAM = 9982BNUYMZ;
				INFOPLIST_FILE = InstagramUITests/Info.plist;
				LD_RUNPATH_SEARCH_PATHS = (
					"$(inherited)",
					"@executable_path/Frameworks",
					"@loader_path/Frameworks",
				);
				PRODUCT_BUNDLE_IDENTIFIER = "com.jose-serrano.InstagramUITests";
				PRODUCT_NAME = "$(TARGET_NAME)";
				TARGETED_DEVICE_FAMILY = "1,2";
				TEST_TARGET_NAME = Instagram;
			};
			name = Debug;
		};
		71FCF6D62694E9A300B759C8 /* Release */ = {
			isa = XCBuildConfiguration;
			baseConfigurationReference = FC58A0478631EC4DF9E3A62A /* Pods-Instagram-InstagramUITests.release.xcconfig */;
			buildSettings = {
				CODE_SIGN_STYLE = Automatic;
				DEVELOPMENT_TEAM = 9982BNUYMZ;
				INFOPLIST_FILE = InstagramUITests/Info.plist;
				LD_RUNPATH_SEARCH_PATHS = (
					"$(inherited)",
					"@executable_path/Frameworks",
					"@loader_path/Frameworks",
				);
				PRODUCT_BUNDLE_IDENTIFIER = "com.jose-serrano.InstagramUITests";
				PRODUCT_NAME = "$(TARGET_NAME)";
				TARGETED_DEVICE_FAMILY = "1,2";
				TEST_TARGET_NAME = Instagram;
			};
			name = Release;
		};
/* End XCBuildConfiguration section */

/* Begin XCConfigurationList section */
		71FCF69A2694E9A200B759C8 /* Build configuration list for PBXProject "Instagram" */ = {
			isa = XCConfigurationList;
			buildConfigurations = (
				71FCF6CC2694E9A300B759C8 /* Debug */,
				71FCF6CD2694E9A300B759C8 /* Release */,
			);
			defaultConfigurationIsVisible = 0;
			defaultConfigurationName = Release;
		};
		71FCF6CE2694E9A300B759C8 /* Build configuration list for PBXNativeTarget "Instagram" */ = {
			isa = XCConfigurationList;
			buildConfigurations = (
				71FCF6CF2694E9A300B759C8 /* Debug */,
				71FCF6D02694E9A300B759C8 /* Release */,
			);
			defaultConfigurationIsVisible = 0;
			defaultConfigurationName = Release;
		};
		71FCF6D12694E9A300B759C8 /* Build configuration list for PBXNativeTarget "InstagramTests" */ = {
			isa = XCConfigurationList;
			buildConfigurations = (
				71FCF6D22694E9A300B759C8 /* Debug */,
				71FCF6D32694E9A300B759C8 /* Release */,
			);
			defaultConfigurationIsVisible = 0;
			defaultConfigurationName = Release;
		};
		71FCF6D42694E9A300B759C8 /* Build configuration list for PBXNativeTarget "InstagramUITests" */ = {
			isa = XCConfigurationList;
			buildConfigurations = (
				71FCF6D52694E9A300B759C8 /* Debug */,
				71FCF6D62694E9A300B759C8 /* Release */,
			);
			defaultConfigurationIsVisible = 0;
			defaultConfigurationName = Release;
		};
/* End XCConfigurationList section */
	};
	rootObject = 71FCF6972694E9A200B759C8 /* Project object */;
}
